
Microsoft Visual Studio Solution File, Format Version 12.00
# Visual Studio 14
VisualStudioVersion = 14.0.25420.1
MinimumVisualStudioVersion = 10.0.40219.1
Project("{E24C65DC-7377-472B-9ABA-BC803B73C61A}") = "jQueryExamples(2)", ".", "{C5E631F8-6B99-4E8A-98BA-E29360E1ED04}"
	ProjectSection(WebsiteProperties) = preProject
		TargetFrameworkMoniker = ".NETFramework,Version%3Dv4.0"
		Debug.AspNetCompiler.VirtualPath = "/localhost_64812"
		Debug.AspNetCompiler.PhysicalPath = "..\jQueryExamples\"
		Debug.AspNetCompiler.TargetPath = "PrecompiledWeb\localhost_64812\"
		Debug.AspNetCompiler.Updateable = "true"
		Debug.AspNetCompiler.ForceOverwrite = "true"
		Debug.AspNetCompiler.FixedNames = "false"
		Debug.AspNetCompiler.Debug = "True"
		Release.AspNetCompiler.VirtualPath = "/localhost_64812"
		Release.AspNetCompiler.PhysicalPath = "..\jQueryExamples\"
		Release.AspNetCompiler.TargetPath = "PrecompiledWeb\localhost_64812\"
		Release.AspNetCompiler.Updateable = "true"
		Release.AspNetCompiler.ForceOverwrite = "true"
		Release.AspNetCompiler.FixedNames = "false"
		Release.AspNetCompiler.Debug = "False"
		VWDPort = "64812"
		SlnRelativePath = "..\jQueryExamples\"
	EndProjectSection
EndProject
Global
	GlobalSection(SolutionConfigurationPlatforms) = preSolution
		Debug|Any CPU = Debug|Any CPU
	EndGlobalSection
	GlobalSection(ProjectConfigurationPlatforms) = postSolution
		{C5E631F8-6B99-4E8A-98BA-E29360E1ED04}.Debug|Any CPU.ActiveCfg = Debug|Any CPU
		{C5E631F8-6B99-4E8A-98BA-E29360E1ED04}.Debug|Any CPU.Build.0 = Debug|Any CPU
	EndGlobalSection
	GlobalSection(SolutionProperties) = preSolution
		HideSolutionNode = FALSE
	EndGlobalSection
EndGlobal
